{
    "name": "form-orm.test",
    "lockfileVersion": 2,
    "requires": true,
    "packages": {
        "": {
            "name": "form-orm.test",
            "dependencies": {
                "form-orm": "file:../"
            },
            "devDependencies": {
                "typescript": "4.7.4"
            }
        },
        "..": {
            "version": "1.0.0",
            "license": "MIT",
            "dependencies": {
                "fs": "^0.0.1-security",
                "ts-morph": "^15.1.0",
                "typescript": "^4.7.4"
            },
            "devDependencies": {
                "@types/node": "^18.0.3",
                "@types/typescript": "^2.0.0"
            }
        },
        "node_modules/form-orm": {
            "resolved": "..",
            "link": true
        },
        "node_modules/typescript": {
            "version": "4.7.4",
            "resolved": "https://registry.npmjs.org/typescript/-/typescript-4.7.4.tgz",
            "integrity": "sha512-C0WQT0gezHuw6AdY1M2jxUO83Rjf0HP7Sk1DtXj6j1EwkQNZrHAg2XPWlq62oqEhYvONq5pkC2Y9oPljWToLmQ==",
            "dev": true,
            "bin": {
                "tsc": "bin/tsc",
                "tsserver": "bin/tsserver"
            },
            "engines": {
                "node": ">=4.2.0"
            }
        }
    },
    "dependencies": {
        "form-orm": {
            "version": "file:..",
            "requires": {
                "@types/node": "^18.0.3",
                "@types/typescript": "^2.0.0",
                "fs": "^0.0.1-security",
                "ts-morph": "^15.1.0",
                "typescript": "^4.7.4"
            }
        },
        "typescript": {
            "version": "4.7.4",
            "resolved": "https://registry.npmjs.org/typescript/-/typescript-4.7.4.tgz",
            "integrity": "sha512-C0WQT0gezHuw6AdY1M2jxUO83Rjf0HP7Sk1DtXj6j1EwkQNZrHAg2XPWlq62oqEhYvONq5pkC2Y9oPljWToLmQ==",
            "dev": true
        }
    }
}
